{
    "_meta": {
        "hash": {
            "sha256": "c99f6335df1fbf870b7921361052245b7e52a55add41dc5b3f7b2af0f9164cb6"
        },
        "host-environment-markers": {
            "implementation_name": "cpython",
            "implementation_version": "3.6.2",
            "os_name": "posix",
            "platform_machine": "x86_64",
            "platform_python_implementation": "CPython",
            "platform_release": "4.13.3-1-ARCH",
            "platform_system": "Linux",
            "platform_version": "#1 SMP PREEMPT Thu Sep 21 20:33:16 CEST 2017",
            "python_full_version": "3.6.2",
            "python_version": "3.6",
            "sys_platform": "linux"
        },
        "pipfile-spec": 6,
        "requires": {
            "python_version": "3.6"
        },
        "sources": [
            {
                "name": "pypi",
                "url": "https://pypi.python.org/simple",
                "verify_ssl": true
            }
        ]
    },
    "default": {
        "configparser": {
            "hashes": [
                "sha256:5308b47021bc2340965c371f0f058cc6971a04502638d4244225c49d80db273a"
            ],
            "version": "==3.5.0"
        }
    },
    "develop": {}
}
